
Microsoft Visual Studio Solution File, Format Version 12.00
# Visual Studio 15
Project("{FAE04EC0-301F-11D3-BF4B-00C04F79EFBC}") = "AsyncConverter.Android", "AsyncConverter.Android\AsyncConverter.Android.csproj", "{7EC155E3-64F7-445C-BA38-3B122EEC1966}"
EndProject
Project("{FAE04EC0-301F-11D3-BF4B-00C04F79EFBC}") = "AsyncConverter.iOS", "AsyncConverter.iOS\AsyncConverter.iOS.csproj", "{7817D2A9-2D45-4632-8647-DEA4A5B1422A}"
EndProject
Project("{FAE04EC0-301F-11D3-BF4B-00C04F79EFBC}") = "AsyncConverter", "AsyncConverter\AsyncConverter.csproj", "{D627F554-D963-4CE7-AF2F-60217B58B79E}"
EndProject
Global
	GlobalSection(SolutionConfigurationPlatforms) = preSolution
		Debug|Any CPU = Debug|Any CPU
		Release|Any CPU = Release|Any CPU
		Debug|iPhoneSimulator = Debug|iPhoneSimulator
		Release|iPhoneSimulator = Release|iPhoneSimulator
		Debug|iPhone = Debug|iPhone
		Release|iPhone = Release|iPhone
	EndGlobalSection
	GlobalSection(ProjectConfigurationPlatforms) = postSolution
		{7EC155E3-64F7-445C-BA38-3B122EEC1966}.Debug|Any CPU.ActiveCfg = Debug|Any CPU
		{7EC155E3-64F7-445C-BA38-3B122EEC1966}.Debug|Any CPU.Build.0 = Debug|Any CPU
		{7EC155E3-64F7-445C-BA38-3B122EEC1966}.Release|Any CPU.ActiveCfg = Release|Any CPU
		{7EC155E3-64F7-445C-BA38-3B122EEC1966}.Release|Any CPU.Build.0 = Release|Any CPU
		{7EC155E3-64F7-445C-BA38-3B122EEC1966}.Debug|iPhoneSimulator.ActiveCfg = Debug|Any CPU
		{7EC155E3-64F7-445C-BA38-3B122EEC1966}.Debug|iPhoneSimulator.Build.0 = Debug|Any CPU
		{7EC155E3-64F7-445C-BA38-3B122EEC1966}.Release|iPhoneSimulator.ActiveCfg = Release|Any CPU
		{7EC155E3-64F7-445C-BA38-3B122EEC1966}.Release|iPhoneSimulator.Build.0 = Release|Any CPU
		{7EC155E3-64F7-445C-BA38-3B122EEC1966}.Debug|iPhone.ActiveCfg = Debug|Any CPU
		{7EC155E3-64F7-445C-BA38-3B122EEC1966}.Debug|iPhone.Build.0 = Debug|Any CPU
		{7EC155E3-64F7-445C-BA38-3B122EEC1966}.Release|iPhone.ActiveCfg = Release|Any CPU
		{7EC155E3-64F7-445C-BA38-3B122EEC1966}.Release|iPhone.Build.0 = Release|Any CPU
		{7817D2A9-2D45-4632-8647-DEA4A5B1422A}.Debug|Any CPU.ActiveCfg = Debug|iPhoneSimulator
		{7817D2A9-2D45-4632-8647-DEA4A5B1422A}.Debug|Any CPU.Build.0 = Debug|iPhoneSimulator
		{7817D2A9-2D45-4632-8647-DEA4A5B1422A}.Release|Any CPU.ActiveCfg = Release|iPhoneSimulator
		{7817D2A9-2D45-4632-8647-DEA4A5B1422A}.Release|Any CPU.Build.0 = Release|iPhoneSimulator
		{7817D2A9-2D45-4632-8647-DEA4A5B1422A}.Debug|iPhoneSimulator.ActiveCfg = Debug|iPhoneSimulator
		{7817D2A9-2D45-4632-8647-DEA4A5B1422A}.Debug|iPhoneSimulator.Build.0 = Debug|iPhoneSimulator
		{7817D2A9-2D45-4632-8647-DEA4A5B1422A}.Release|iPhoneSimulator.ActiveCfg = Release|iPhoneSimulator
		{7817D2A9-2D45-4632-8647-DEA4A5B1422A}.Release|iPhoneSimulator.Build.0 = Release|iPhoneSimulator
		{7817D2A9-2D45-4632-8647-DEA4A5B1422A}.Debug|iPhone.ActiveCfg = Debug|iPhone
		{7817D2A9-2D45-4632-8647-DEA4A5B1422A}.Debug|iPhone.Build.0 = Debug|iPhone
		{7817D2A9-2D45-4632-8647-DEA4A5B1422A}.Release|iPhone.ActiveCfg = Release|iPhone
		{7817D2A9-2D45-4632-8647-DEA4A5B1422A}.Release|iPhone.Build.0 = Release|iPhone
		{D627F554-D963-4CE7-AF2F-60217B58B79E}.Debug|Any CPU.ActiveCfg = Debug|Any CPU
		{D627F554-D963-4CE7-AF2F-60217B58B79E}.Debug|Any CPU.Build.0 = Debug|Any CPU
		{D627F554-D963-4CE7-AF2F-60217B58B79E}.Release|Any CPU.ActiveCfg = Release|Any CPU
		{D627F554-D963-4CE7-AF2F-60217B58B79E}.Release|Any CPU.Build.0 = Release|Any CPU
		{D627F554-D963-4CE7-AF2F-60217B58B79E}.Debug|iPhoneSimulator.ActiveCfg = Debug|Any CPU
		{D627F554-D963-4CE7-AF2F-60217B58B79E}.Debug|iPhoneSimulator.Build.0 = Debug|Any CPU
		{D627F554-D963-4CE7-AF2F-60217B58B79E}.Release|iPhoneSimulator.ActiveCfg = Release|Any CPU
		{D627F554-D963-4CE7-AF2F-60217B58B79E}.Release|iPhoneSimulator.Build.0 = Release|Any CPU
		{D627F554-D963-4CE7-AF2F-60217B58B79E}.Debug|iPhone.ActiveCfg = Debug|Any CPU
		{D627F554-D963-4CE7-AF2F-60217B58B79E}.Debug|iPhone.Build.0 = Debug|Any CPU
		{D627F554-D963-4CE7-AF2F-60217B58B79E}.Release|iPhone.ActiveCfg = Release|Any CPU
		{D627F554-D963-4CE7-AF2F-60217B58B79E}.Release|iPhone.Build.0 = Release|Any CPU
	EndGlobalSection
EndGlobal
